
Microsoft Visual Studio Solution File, Format Version 11.00
# Visual Studio 2010
Project("{FAE04EC0-301F-11D3-BF4B-00C04F79EFBC}") = "crtorrent", "crtorrent\crtorrent.csproj", "{2B42D691-798D-4196-8722-40A27A436729}"
EndProject
Global
	GlobalSection(SubversionScc) = preSolution
		Svn-Managed = True
		Manager = AnkhSVN - Subversion Support for Visual Studio
	EndGlobalSection
	GlobalSection(SolutionConfigurationPlatforms) = preSolution
		Debug|x86 = Debug|x86
		Release|x86 = Release|x86
	EndGlobalSection
	GlobalSection(ProjectConfigurationPlatforms) = postSolution
		{2B42D691-798D-4196-8722-40A27A436729}.Debug|x86.ActiveCfg = Debug|x86
		{2B42D691-798D-4196-8722-40A27A436729}.Debug|x86.Build.0 = Debug|x86
		{2B42D691-798D-4196-8722-40A27A436729}.Release|x86.ActiveCfg = Release|x86
		{2B42D691-798D-4196-8722-40A27A436729}.Release|x86.Build.0 = Release|x86
	EndGlobalSection
	GlobalSection(SolutionProperties) = preSolution
		HideSolutionNode = FALSE
	EndGlobalSection
EndGlobal
